
Microsoft Visual Studio Solution File, Format Version 12.00
# Visual Studio 15
VisualStudioVersion = 15.0.27703.2042
MinimumVisualStudioVersion = 10.0.40219.1
Project("{2150E333-8FDC-42A3-9474-1A3956D46DE8}") = "src", "src", "{F9AF25B6-F497-49EA-96F4-4258EFEDCEC8}"
EndProject
Project("{2150E333-8FDC-42A3-9474-1A3956D46DE8}") = "1-Presentation", "1-Presentation", "{D971C17C-5275-46D9-AAC2-ABD50FE4FEE9}"
EndProject
Project("{2150E333-8FDC-42A3-9474-1A3956D46DE8}") = "2-Service", "2-Service", "{322C5D6F-0F17-46CE-9D0A-7A7E78C87503}"
EndProject
Project("{2150E333-8FDC-42A3-9474-1A3956D46DE8}") = "3-Application", "3-Application", "{9FB3A58A-7D0D-482D-A19A-8D5584A2D16C}"
EndProject
Project("{2150E333-8FDC-42A3-9474-1A3956D46DE8}") = "4-Domain", "4-Domain", "{3E900CF1-A015-48C4-8D69-654114FBCB5E}"
EndProject
Project("{2150E333-8FDC-42A3-9474-1A3956D46DE8}") = "5-Infra", "5-Infra", "{77EE8FBA-D526-4517-B73E-0202E617A6AC}"
EndProject
Project("{2150E333-8FDC-42A3-9474-1A3956D46DE8}") = "5.1-Data", "5.1-Data", "{952211C9-8969-4FEC-A977-CC9D6CAE97E0}"
EndProject
Project("{2150E333-8FDC-42A3-9474-1A3956D46DE8}") = "5.3-CrossCutting", "5.3-CrossCutting", "{68717C23-FA3D-4C42-A0F0-56DA5021D6D2}"
EndProject
Project("{2150E333-8FDC-42A3-9474-1A3956D46DE8}") = "5.4-XUnitTest", "5.4-XUnitTest", "{79AEC15D-38EC-4B6A-951A-B96992278470}"
EndProject
Project("{9A19103F-16F7-4668-BE54-9A1E7A4F7556}") = "Sales.UI.Site", "Sales.UI.Site\Sales.UI.Site.csproj", "{5CCA110B-E764-46EE-A571-8738538250BD}"
EndProject
Project("{9A19103F-16F7-4668-BE54-9A1E7A4F7556}") = "Sales.WebApi", "Sales.WebApi\Sales.WebApi.csproj", "{E6C03B56-2C89-42D5-81E1-F20AEAC55D92}"
EndProject
Project("{9A19103F-16F7-4668-BE54-9A1E7A4F7556}") = "Sales.Application", "Sales.Application\Sales.Application.csproj", "{437BEF30-9843-4299-8001-D66EEC64D911}"
EndProject
Project("{9A19103F-16F7-4668-BE54-9A1E7A4F7556}") = "Sales.Domain", "Sales.Domain\Sales.Domain.csproj", "{4EB74730-6FFC-4B87-903E-67F498F493EB}"
EndProject
Project("{9A19103F-16F7-4668-BE54-9A1E7A4F7556}") = "Sales.Infra.Data", "Sales.Infra.Data\Sales.Infra.Data.csproj", "{D89F25AD-2106-45CA-A66B-63ABB925A158}"
EndProject
Project("{9A19103F-16F7-4668-BE54-9A1E7A4F7556}") = "Sales.Infra.CrossCutting.Identity", "Sales.Infra.CrossCutting.Identity\Sales.Infra.CrossCutting.Identity.csproj", "{2CEC6969-8670-4782-8D51-07FF026BF81F}"
EndProject
Project("{9A19103F-16F7-4668-BE54-9A1E7A4F7556}") = "Sales.Infra.CrossCutting.IoC", "Sales.Infra.CrossCutting.IoC\Sales.Infra.CrossCutting.IoC.csproj", "{26B5258F-202E-47ED-B4B2-69F371E09FCA}"
EndProject
Project("{9A19103F-16F7-4668-BE54-9A1E7A4F7556}") = "Sales.Infra.XUnitTest", "Sales.Infra.XUnitTest\Sales.Infra.XUnitTest.csproj", "{BF8AC24D-1E1E-4914-8D8E-8D348252341A}"
EndProject
Project("{2150E333-8FDC-42A3-9474-1A3956D46DE8}") = "5.2-Azure", "5.2-Azure", "{677C2E17-070C-41B9-81A6-0C85E5384C7F}"
EndProject
Project("{9A19103F-16F7-4668-BE54-9A1E7A4F7556}") = "Sales.Infra.Azure", "Sales.Infra.Azure\Sales.Infra.Azure.csproj", "{AC41E817-0FE0-431D-BB71-81008D6CD8C6}"
EndProject
Global
	GlobalSection(SolutionConfigurationPlatforms) = preSolution
		Debug|Any CPU = Debug|Any CPU
		Release|Any CPU = Release|Any CPU
	EndGlobalSection
	GlobalSection(ProjectConfigurationPlatforms) = postSolution
		{5CCA110B-E764-46EE-A571-8738538250BD}.Debug|Any CPU.ActiveCfg = Debug|Any CPU
		{5CCA110B-E764-46EE-A571-8738538250BD}.Debug|Any CPU.Build.0 = Debug|Any CPU
		{5CCA110B-E764-46EE-A571-8738538250BD}.Release|Any CPU.ActiveCfg = Release|Any CPU
		{5CCA110B-E764-46EE-A571-8738538250BD}.Release|Any CPU.Build.0 = Release|Any CPU
		{E6C03B56-2C89-42D5-81E1-F20AEAC55D92}.Debug|Any CPU.ActiveCfg = Debug|Any CPU
		{E6C03B56-2C89-42D5-81E1-F20AEAC55D92}.Debug|Any CPU.Build.0 = Debug|Any CPU
		{E6C03B56-2C89-42D5-81E1-F20AEAC55D92}.Release|Any CPU.ActiveCfg = Release|Any CPU
		{E6C03B56-2C89-42D5-81E1-F20AEAC55D92}.Release|Any CPU.Build.0 = Release|Any CPU
		{437BEF30-9843-4299-8001-D66EEC64D911}.Debug|Any CPU.ActiveCfg = Debug|Any CPU
		{437BEF30-9843-4299-8001-D66EEC64D911}.Debug|Any CPU.Build.0 = Debug|Any CPU
		{437BEF30-9843-4299-8001-D66EEC64D911}.Release|Any CPU.ActiveCfg = Release|Any CPU
		{437BEF30-9843-4299-8001-D66EEC64D911}.Release|Any CPU.Build.0 = Release|Any CPU
		{4EB74730-6FFC-4B87-903E-67F498F493EB}.Debug|Any CPU.ActiveCfg = Debug|Any CPU
		{4EB74730-6FFC-4B87-903E-67F498F493EB}.Debug|Any CPU.Build.0 = Debug|Any CPU
		{4EB74730-6FFC-4B87-903E-67F498F493EB}.Release|Any CPU.ActiveCfg = Release|Any CPU
		{4EB74730-6FFC-4B87-903E-67F498F493EB}.Release|Any CPU.Build.0 = Release|Any CPU
		{D89F25AD-2106-45CA-A66B-63ABB925A158}.Debug|Any CPU.ActiveCfg = Debug|Any CPU
		{D89F25AD-2106-45CA-A66B-63ABB925A158}.Debug|Any CPU.Build.0 = Debug|Any CPU
		{D89F25AD-2106-45CA-A66B-63ABB925A158}.Release|Any CPU.ActiveCfg = Release|Any CPU
		{D89F25AD-2106-45CA-A66B-63ABB925A158}.Release|Any CPU.Build.0 = Release|Any CPU
		{2CEC6969-8670-4782-8D51-07FF026BF81F}.Debug|Any CPU.ActiveCfg = Debug|Any CPU
		{2CEC6969-8670-4782-8D51-07FF026BF81F}.Debug|Any CPU.Build.0 = Debug|Any CPU
		{2CEC6969-8670-4782-8D51-07FF026BF81F}.Release|Any CPU.ActiveCfg = Release|Any CPU
		{2CEC6969-8670-4782-8D51-07FF026BF81F}.Release|Any CPU.Build.0 = Release|Any CPU
		{26B5258F-202E-47ED-B4B2-69F371E09FCA}.Debug|Any CPU.ActiveCfg = Debug|Any CPU
		{26B5258F-202E-47ED-B4B2-69F371E09FCA}.Debug|Any CPU.Build.0 = Debug|Any CPU
		{26B5258F-202E-47ED-B4B2-69F371E09FCA}.Release|Any CPU.ActiveCfg = Release|Any CPU
		{26B5258F-202E-47ED-B4B2-69F371E09FCA}.Release|Any CPU.Build.0 = Release|Any CPU
		{BF8AC24D-1E1E-4914-8D8E-8D348252341A}.Debug|Any CPU.ActiveCfg = Debug|Any CPU
		{BF8AC24D-1E1E-4914-8D8E-8D348252341A}.Debug|Any CPU.Build.0 = Debug|Any CPU
		{BF8AC24D-1E1E-4914-8D8E-8D348252341A}.Release|Any CPU.ActiveCfg = Release|Any CPU
		{BF8AC24D-1E1E-4914-8D8E-8D348252341A}.Release|Any CPU.Build.0 = Release|Any CPU
		{AC41E817-0FE0-431D-BB71-81008D6CD8C6}.Debug|Any CPU.ActiveCfg = Debug|Any CPU
		{AC41E817-0FE0-431D-BB71-81008D6CD8C6}.Debug|Any CPU.Build.0 = Debug|Any CPU
		{AC41E817-0FE0-431D-BB71-81008D6CD8C6}.Release|Any CPU.ActiveCfg = Release|Any CPU
		{AC41E817-0FE0-431D-BB71-81008D6CD8C6}.Release|Any CPU.Build.0 = Release|Any CPU
	EndGlobalSection
	GlobalSection(SolutionProperties) = preSolution
		HideSolutionNode = FALSE
	EndGlobalSection
	GlobalSection(NestedProjects) = preSolution
		{D971C17C-5275-46D9-AAC2-ABD50FE4FEE9} = {F9AF25B6-F497-49EA-96F4-4258EFEDCEC8}
		{322C5D6F-0F17-46CE-9D0A-7A7E78C87503} = {F9AF25B6-F497-49EA-96F4-4258EFEDCEC8}
		{9FB3A58A-7D0D-482D-A19A-8D5584A2D16C} = {F9AF25B6-F497-49EA-96F4-4258EFEDCEC8}
		{3E900CF1-A015-48C4-8D69-654114FBCB5E} = {F9AF25B6-F497-49EA-96F4-4258EFEDCEC8}
		{77EE8FBA-D526-4517-B73E-0202E617A6AC} = {F9AF25B6-F497-49EA-96F4-4258EFEDCEC8}
		{952211C9-8969-4FEC-A977-CC9D6CAE97E0} = {77EE8FBA-D526-4517-B73E-0202E617A6AC}
		{68717C23-FA3D-4C42-A0F0-56DA5021D6D2} = {77EE8FBA-D526-4517-B73E-0202E617A6AC}
		{79AEC15D-38EC-4B6A-951A-B96992278470} = {77EE8FBA-D526-4517-B73E-0202E617A6AC}
		{5CCA110B-E764-46EE-A571-8738538250BD} = {D971C17C-5275-46D9-AAC2-ABD50FE4FEE9}
		{E6C03B56-2C89-42D5-81E1-F20AEAC55D92} = {322C5D6F-0F17-46CE-9D0A-7A7E78C87503}
		{437BEF30-9843-4299-8001-D66EEC64D911} = {9FB3A58A-7D0D-482D-A19A-8D5584A2D16C}
		{4EB74730-6FFC-4B87-903E-67F498F493EB} = {3E900CF1-A015-48C4-8D69-654114FBCB5E}
		{D89F25AD-2106-45CA-A66B-63ABB925A158} = {952211C9-8969-4FEC-A977-CC9D6CAE97E0}
		{2CEC6969-8670-4782-8D51-07FF026BF81F} = {68717C23-FA3D-4C42-A0F0-56DA5021D6D2}
		{26B5258F-202E-47ED-B4B2-69F371E09FCA} = {68717C23-FA3D-4C42-A0F0-56DA5021D6D2}
		{BF8AC24D-1E1E-4914-8D8E-8D348252341A} = {79AEC15D-38EC-4B6A-951A-B96992278470}
		{677C2E17-070C-41B9-81A6-0C85E5384C7F} = {77EE8FBA-D526-4517-B73E-0202E617A6AC}
		{AC41E817-0FE0-431D-BB71-81008D6CD8C6} = {677C2E17-070C-41B9-81A6-0C85E5384C7F}
	EndGlobalSection
	GlobalSection(ExtensibilityGlobals) = postSolution
		SolutionGuid = {B98C9FCD-F2D5-417D-BA04-E67625E86727}
	EndGlobalSection
EndGlobal
